
Microsoft Visual Studio Solution File, Format Version 12.00
# Visual Studio 15
VisualStudioVersion = 15.0.28010.2046
MinimumVisualStudioVersion = 10.0.40219.1
Project("{8BC9CEB8-8B4A-11D0-8D11-00A0C91BC942}") = "zadanie_7", "zadanie_7\zadanie_7.vcxproj", "{80DFF8AF-D096-4693-B0B1-D46EEB88ED69}"
EndProject
Global
	GlobalSection(SolutionConfigurationPlatforms) = preSolution
		Debug|x64 = Debug|x64
		Debug|x86 = Debug|x86
		Release|x64 = Release|x64
		Release|x86 = Release|x86
	EndGlobalSection
	GlobalSection(ProjectConfigurationPlatforms) = postSolution
		{80DFF8AF-D096-4693-B0B1-D46EEB88ED69}.Debug|x64.ActiveCfg = Debug|x64
		{80DFF8AF-D096-4693-B0B1-D46EEB88ED69}.Debug|x64.Build.0 = Debug|x64
		{80DFF8AF-D096-4693-B0B1-D46EEB88ED69}.Debug|x86.ActiveCfg = Debug|Win32
		{80DFF8AF-D096-4693-B0B1-D46EEB88ED69}.Debug|x86.Build.0 = Debug|Win32
		{80DFF8AF-D096-4693-B0B1-D46EEB88ED69}.Release|x64.ActiveCfg = Release|x64
		{80DFF8AF-D096-4693-B0B1-D46EEB88ED69}.Release|x64.Build.0 = Release|x64
		{80DFF8AF-D096-4693-B0B1-D46EEB88ED69}.Release|x86.ActiveCfg = Release|Win32
		{80DFF8AF-D096-4693-B0B1-D46EEB88ED69}.Release|x86.Build.0 = Release|Win32
	EndGlobalSection
	GlobalSection(SolutionProperties) = preSolution
		HideSolutionNode = FALSE
	EndGlobalSection
	GlobalSection(ExtensibilityGlobals) = postSolution
		SolutionGuid = {9A670E95-1BF0-4C93-89BD-BFBF4FA21E56}
	EndGlobalSection
EndGlobal
